// !$*UTF8*$!
{
	archiveVersion = 1;
	classes = {
	};
	objectVersion = 51;
	objects = {

/* Begin PBXBuildFile section */
		41F30473269FFC3D00D370AE /* AppDelegate.swift in Sources */ = {isa = PBXBuildFile; fileRef = 41F30472269FFC3D00D370AE /* AppDelegate.swift */; };
		41F30475269FFC3D00D370AE /* SceneDelegate.swift in Sources */ = {isa = PBXBuildFile; fileRef = 41F30474269FFC3D00D370AE /* SceneDelegate.swift */; };
		41F30477269FFC3D00D370AE /* ViewController.swift in Sources */ = {isa = PBXBuildFile; fileRef = 41F30476269FFC3D00D370AE /* ViewController.swift */; };
		41F3047A269FFC3D00D370AE /* Main.storyboard in Resources */ = {isa = PBXBuildFile; fileRef = 41F30478269FFC3D00D370AE /* Main.storyboard */; };
		41F3047C269FFC3E00D370AE /* Assets.xcassets in Resources */ = {isa = PBXBuildFile; fileRef = 41F3047B269FFC3E00D370AE /* Assets.xcassets */; };
		41F3047F269FFC3E00D370AE /* LaunchScreen.storyboard in Resources */ = {isa = PBXBuildFile; fileRef = 41F3047D269FFC3E00D370AE /* LaunchScreen.storyboard */; };
		41F3048A269FFC3E00D370AE /* CoffeeTests.swift in Sources */ = {isa = PBXBuildFile; fileRef = 41F30489269FFC3E00D370AE /* CoffeeTests.swift */; };
		41F30495269FFC3E00D370AE /* CoffeeUITests.swift in Sources */ = {isa = PBXBuildFile; fileRef = 41F30494269FFC3E00D370AE /* CoffeeUITests.swift */; };
		41F304AC26A0C5C900D370AE /* Signerica_Fat.ttf in Resources */ = {isa = PBXBuildFile; fileRef = 41F304A926A0C5C900D370AE /* Signerica_Fat.ttf */; };
		41F304AD26A0C5C900D370AE /* Signerica_Thin.ttf in Resources */ = {isa = PBXBuildFile; fileRef = 41F304AA26A0C5C900D370AE /* Signerica_Thin.ttf */; };
		41F304AE26A0C5C900D370AE /* Signerica_Medium.ttf in Resources */ = {isa = PBXBuildFile; fileRef = 41F304AB26A0C5C900D370AE /* Signerica_Medium.ttf */; };
		8E489A420914B44B52503941 /* Pods_Coffee.framework in Frameworks */ = {isa = PBXBuildFile; fileRef = 6111C715F197AFD7F53E06EC /* Pods_Coffee.framework */; };
		C026B50730C445AF6B1BE8B5 /* Pods_Coffee_CoffeeUITests.framework in Frameworks */ = {isa = PBXBuildFile; fileRef = D08EE9245BDD4D8A5D6A729E /* Pods_Coffee_CoffeeUITests.framework */; };
		F0589CCE565546310E0B2EF6 /* Pods_CoffeeTests.framework in Frameworks */ = {isa = PBXBuildFile; fileRef = 2C3526994856F6FE6059A295 /* Pods_CoffeeTests.framework */; };
/* End PBXBuildFile section */

/* Begin PBXContainerItemProxy section */
		41F30486269FFC3E00D370AE /* PBXContainerItemProxy */ = {
			isa = PBXContainerItemProxy;
			containerPortal = 41F30467269FFC3D00D370AE /* Project object */;
			proxyType = 1;
			remoteGlobalIDString = 41F3046E269FFC3D00D370AE;
			remoteInfo = Coffee;
		};
		41F30491269FFC3E00D370AE /* PBXContainerItemProxy */ = {
			isa = PBXContainerItemProxy;
			containerPortal = 41F30467269FFC3D00D370AE /* Project object */;
			proxyType = 1;
			remoteGlobalIDString = 41F3046E269FFC3D00D370AE;
			remoteInfo = Coffee;
		};
/* End PBXContainerItemProxy section */

/* Begin PBXFileReference section */
		0892C95F92760ACE733189DD /* Pods-Coffee.debug.xcconfig */ = {isa = PBXFileReference; includeInIndex = 1; lastKnownFileType = text.xcconfig; name = "Pods-Coffee.debug.xcconfig"; path = "Target Support Files/Pods-Coffee/Pods-Coffee.debug.xcconfig"; sourceTree = "<group>"; };
		1D3FFEB0FF518955043131DF /* Pods-Coffee.release.xcconfig */ = {isa = PBXFileReference; includeInIndex = 1; lastKnownFileType = text.xcconfig; name = "Pods-Coffee.release.xcconfig"; path = "Target Support Files/Pods-Coffee/Pods-Coffee.release.xcconfig"; sourceTree = "<group>"; };
		2C3526994856F6FE6059A295 /* Pods_CoffeeTests.framework */ = {isa = PBXFileReference; explicitFileType = wrapper.framework; includeInIndex = 0; path = Pods_CoffeeTests.framework; sourceTree = BUILT_PRODUCTS_DIR; };
		41F3046F269FFC3D00D370AE /* Coffee.app */ = {isa = PBXFileReference; explicitFileType = wrapper.application; includeInIndex = 0; path = Coffee.app; sourceTree = BUILT_PRODUCTS_DIR; };
		41F30472269FFC3D00D370AE /* AppDelegate.swift */ = {isa = PBXFileReference; lastKnownFileType = sourcecode.swift; path = AppDelegate.swift; sourceTree = "<group>"; };
		41F30474269FFC3D00D370AE /* SceneDelegate.swift */ = {isa = PBXFileReference; lastKnownFileType = sourcecode.swift; path = SceneDelegate.swift; sourceTree = "<group>"; };
		41F30476269FFC3D00D370AE /* ViewController.swift */ = {isa = PBXFileReference; lastKnownFileType = sourcecode.swift; path = ViewController.swift; sourceTree = "<group>"; };
		41F30479269FFC3D00D370AE /* Base */ = {isa = PBXFileReference; lastKnownFileType = file.storyboard; name = Base; path = Base.lproj/Main.storyboard; sourceTree = "<group>"; };
		41F3047B269FFC3E00D370AE /* Assets.xcassets */ = {isa = PBXFileReference; lastKnownFileType = folder.assetcatalog; path = Assets.xcassets; sourceTree = "<group>"; };
		41F3047E269FFC3E00D370AE /* Base */ = {isa = PBXFileReference; lastKnownFileType = file.storyboard; name = Base; path = Base.lproj/LaunchScreen.storyboard; sourceTree = "<group>"; };
		41F30480269FFC3E00D370AE /* Info.plist */ = {isa = PBXFileReference; lastKnownFileType = text.plist.xml; path = Info.plist; sourceTree = "<group>"; };
		41F30485269FFC3E00D370AE /* CoffeeTests.xctest */ = {isa = PBXFileReference; explicitFileType = wrapper.cfbundle; includeInIndex = 0; path = CoffeeTests.xctest; sourceTree = BUILT_PRODUCTS_DIR; };
		41F30489269FFC3E00D370AE /* CoffeeTests.swift */ = {isa = PBXFileReference; lastKnownFileType = sourcecode.swift; path = CoffeeTests.swift; sourceTree = "<group>"; };
		41F3048B269FFC3E00D370AE /* Info.plist */ = {isa = PBXFileReference; lastKnownFileType = text.plist.xml; path = Info.plist; sourceTree = "<group>"; };
		41F30490269FFC3E00D370AE /* CoffeeUITests.xctest */ = {isa = PBXFileReference; explicitFileType = wrapper.cfbundle; includeInIndex = 0; path = CoffeeUITests.xctest; sourceTree = BUILT_PRODUCTS_DIR; };
		41F30494269FFC3E00D370AE /* CoffeeUITests.swift */ = {isa = PBXFileReference; lastKnownFileType = sourcecode.swift; path = CoffeeUITests.swift; sourceTree = "<group>"; };
		41F30496269FFC3E00D370AE /* Info.plist */ = {isa = PBXFileReference; lastKnownFileType = text.plist.xml; path = Info.plist; sourceTree = "<group>"; };
		41F304A926A0C5C900D370AE /* Signerica_Fat.ttf */ = {isa = PBXFileReference; lastKnownFileType = file; path = Signerica_Fat.ttf; sourceTree = "<group>"; };
		41F304AA26A0C5C900D370AE /* Signerica_Thin.ttf */ = {isa = PBXFileReference; lastKnownFileType = file; path = Signerica_Thin.ttf; sourceTree = "<group>"; };
		41F304AB26A0C5C900D370AE /* Signerica_Medium.ttf */ = {isa = PBXFileReference; lastKnownFileType = file; path = Signerica_Medium.ttf; sourceTree = "<group>"; };
		45EC068F6FF1E51625C05170 /* Pods-Coffee-CoffeeUITests.debug.xcconfig */ = {isa = PBXFileReference; includeInIndex = 1; lastKnownFileType = text.xcconfig; name = "Pods-Coffee-CoffeeUITests.debug.xcconfig"; path = "Target Support Files/Pods-Coffee-CoffeeUITests/Pods-Coffee-CoffeeUITests.debug.xcconfig"; sourceTree = "<group>"; };
		471F30CEBCECBA285FE1306E /* Pods-Coffee-CoffeeUITests.release.xcconfig */ = {isa = PBXFileReference; includeInIndex = 1; lastKnownFileType = text.xcconfig; name = "Pods-Coffee-CoffeeUITests.release.xcconfig"; path = "Target Support Files/Pods-Coffee-CoffeeUITests/Pods-Coffee-CoffeeUITests.release.xcconfig"; sourceTree = "<group>"; };
		6111C715F197AFD7F53E06EC /* Pods_Coffee.framework */ = {isa = PBXFileReference; explicitFileType = wrapper.framework; includeInIndex = 0; path = Pods_Coffee.framework; sourceTree = BUILT_PRODUCTS_DIR; };
		6BE88C9F089C59AF94985968 /* Pods-CoffeeTests.debug.xcconfig */ = {isa = PBXFileReference; includeInIndex = 1; lastKnownFileType = text.xcconfig; name = "Pods-CoffeeTests.debug.xcconfig"; path = "Target Support Files/Pods-CoffeeTests/Pods-CoffeeTests.debug.xcconfig"; sourceTree = "<group>"; };
		91AE05D578C2886D92A80B3D /* Pods-CoffeeTests.release.xcconfig */ = {isa = PBXFileReference; includeInIndex = 1; lastKnownFileType = text.xcconfig; name = "Pods-CoffeeTests.release.xcconfig"; path = "Target Support Files/Pods-CoffeeTests/Pods-CoffeeTests.release.xcconfig"; sourceTree = "<group>"; };
		D08EE9245BDD4D8A5D6A729E /* Pods_Coffee_CoffeeUITests.framework */ = {isa = PBXFileReference; explicitFileType = wrapper.framework; includeInIndex = 0; path = Pods_Coffee_CoffeeUITests.framework; sourceTree = BUILT_PRODUCTS_DIR; };
/* End PBXFileReference section */

/* Begin PBXFrameworksBuildPhase section */
		41F3046C269FFC3D00D370AE /* Frameworks */ = {
			isa = PBXFrameworksBuildPhase;
			buildActionMask = 2147483647;
			files = (
				8E489A420914B44B52503941 /* Pods_Coffee.framework in Frameworks */,
			);
			runOnlyForDeploymentPostprocessing = 0;
		};
		41F30482269FFC3E00D370AE /* Frameworks */ = {
			isa = PBXFrameworksBuildPhase;
			buildActionMask = 2147483647;
			files = (
				F0589CCE565546310E0B2EF6 /* Pods_CoffeeTests.framework in Frameworks */,
			);
			runOnlyForDeploymentPostprocessing = 0;
		};
		41F3048D269FFC3E00D370AE /* Frameworks */ = {
			isa = PBXFrameworksBuildPhase;
			buildActionMask = 2147483647;
			files = (
				C026B50730C445AF6B1BE8B5 /* Pods_Coffee_CoffeeUITests.framework in Frameworks */,
			);
			runOnlyForDeploymentPostprocessing = 0;
		};
/* End PBXFrameworksBuildPhase section */

/* Begin PBXGroup section */
		41F30466269FFC3D00D370AE = {
			isa = PBXGroup;
			children = (
				41F304A826A0C5BA00D370AE /* Fonts */,
				41F30471269FFC3D00D370AE /* Coffee */,
				41F30488269FFC3E00D370AE /* CoffeeTests */,
				41F30493269FFC3E00D370AE /* CoffeeUITests */,
				41F30470269FFC3D00D370AE /* Products */,
				AB0D264D21065A3E95AA7832 /* Pods */,
				DD3B346BB34B0F2037482B21 /* Frameworks */,
			);
			sourceTree = "<group>";
		};
		41F30470269FFC3D00D370AE /* Products */ = {
			isa = PBXGroup;
			children = (
				41F3046F269FFC3D00D370AE /* Coffee.app */,
				41F30485269FFC3E00D370AE /* CoffeeTests.xctest */,
				41F30490269FFC3E00D370AE /* CoffeeUITests.xctest */,
			);
			name = Products;
			sourceTree = "<group>";
		};
		41F30471269FFC3D00D370AE /* Coffee */ = {
			isa = PBXGroup;
			children = (
				41F30472269FFC3D00D370AE /* AppDelegate.swift */,
				41F30474269FFC3D00D370AE /* SceneDelegate.swift */,
				41F30476269FFC3D00D370AE /* ViewController.swift */,
				41F30478269FFC3D00D370AE /* Main.storyboard */,
				41F3047B269FFC3E00D370AE /* Assets.xcassets */,
				41F3047D269FFC3E00D370AE /* LaunchScreen.storyboard */,
				41F30480269FFC3E00D370AE /* Info.plist */,
			);
			path = Coffee;
			sourceTree = "<group>";
		};
		41F30488269FFC3E00D370AE /* CoffeeTests */ = {
			isa = PBXGroup;
			children = (
				41F30489269FFC3E00D370AE /* CoffeeTests.swift */,
				41F3048B269FFC3E00D370AE /* Info.plist */,
			);
			path = CoffeeTests;
			sourceTree = "<group>";
		};
		41F30493269FFC3E00D370AE /* CoffeeUITests */ = {
			isa = PBXGroup;
			children = (
				41F30494269FFC3E00D370AE /* CoffeeUITests.swift */,
				41F30496269FFC3E00D370AE /* Info.plist */,
			);
			path = CoffeeUITests;
			sourceTree = "<group>";
		};
		41F304A826A0C5BA00D370AE /* Fonts */ = {
			isa = PBXGroup;
			children = (
				41F304A926A0C5C900D370AE /* Signerica_Fat.ttf */,
				41F304AB26A0C5C900D370AE /* Signerica_Medium.ttf */,
				41F304AA26A0C5C900D370AE /* Signerica_Thin.ttf */,
			);
			path = Fonts;
			sourceTree = "<group>";
		};
		AB0D264D21065A3E95AA7832 /* Pods */ = {
			isa = PBXGroup;
			children = (
				0892C95F92760ACE733189DD /* Pods-Coffee.debug.xcconfig */,
				1D3FFEB0FF518955043131DF /* Pods-Coffee.release.xcconfig */,
				45EC068F6FF1E51625C05170 /* Pods-Coffee-CoffeeUITests.debug.xcconfig */,
				471F30CEBCECBA285FE1306E /* Pods-Coffee-CoffeeUITests.release.xcconfig */,
				6BE88C9F089C59AF94985968 /* Pods-CoffeeTests.debug.xcconfig */,
				91AE05D578C2886D92A80B3D /* Pods-CoffeeTests.release.xcconfig */,
			);
			path = Pods;
			sourceTree = "<group>";
		};
		DD3B346BB34B0F2037482B21 /* Frameworks */ = {
			isa = PBXGroup;
			children = (
				6111C715F197AFD7F53E06EC /* Pods_Coffee.framework */,
				D08EE9245BDD4D8A5D6A729E /* Pods_Coffee_CoffeeUITests.framework */,
				2C3526994856F6FE6059A295 /* Pods_CoffeeTests.framework */,
			);
			name = Frameworks;
			sourceTree = "<group>";
		};
/* End PBXGroup section */

/* Begin PBXNativeTarget section */
		41F3046E269FFC3D00D370AE /* Coffee */ = {
			isa = PBXNativeTarget;
			buildConfigurationList = 41F30499269FFC3E00D370AE /* Build configuration list for PBXNativeTarget "Coffee" */;
			buildPhases = (
				DBE994E1ACA49E801D343C95 /* [CP] Check Pods Manifest.lock */,
				41F3046B269FFC3D00D370AE /* Sources */,
				41F3046C269FFC3D00D370AE /* Frameworks */,
				41F3046D269FFC3D00D370AE /* Resources */,
				78E2B8B6FDE31969BDA88D25 /* [CP] Copy Pods Resources */,
			);
			buildRules = (
			);
			dependencies = (
			);
			name = Coffee;
			productName = Coffee;
			productReference = 41F3046F269FFC3D00D370AE /* Coffee.app */;
			productType = "com.apple.product-type.application";
		};
		41F30484269FFC3E00D370AE /* CoffeeTests */ = {
			isa = PBXNativeTarget;
			buildConfigurationList = 41F3049C269FFC3E00D370AE /* Build configuration list for PBXNativeTarget "CoffeeTests" */;
			buildPhases = (
				3A5DAA76F7F04A28EE6160BF /* [CP] Check Pods Manifest.lock */,
				41F30481269FFC3E00D370AE /* Sources */,
				41F30482269FFC3E00D370AE /* Frameworks */,
				41F30483269FFC3E00D370AE /* Resources */,
			);
			buildRules = (
			);
			dependencies = (
				41F30487269FFC3E00D370AE /* PBXTargetDependency */,
			);
			name = CoffeeTests;
			productName = CoffeeTests;
			productReference = 41F30485269FFC3E00D370AE /* CoffeeTests.xctest */;
			productType = "com.apple.product-type.bundle.unit-test";
		};
		41F3048F269FFC3E00D370AE /* CoffeeUITests */ = {
			isa = PBXNativeTarget;
			buildConfigurationList = 41F3049F269FFC3E00D370AE /* Build configuration list for PBXNativeTarget "CoffeeUITests" */;
			buildPhases = (
				7667DB9E47EFE233FDC9B8D6 /* [CP] Check Pods Manifest.lock */,
				41F3048C269FFC3E00D370AE /* Sources */,
				41F3048D269FFC3E00D370AE /* Frameworks */,
				41F3048E269FFC3E00D370AE /* Resources */,
				B3383FD239C91B3239BB4F3B /* [CP] Copy Pods Resources */,
			);
			buildRules = (
			);
			dependencies = (
				41F30492269FFC3E00D370AE /* PBXTargetDependency */,
			);
			name = CoffeeUITests;
			productName = CoffeeUITests;
			productReference = 41F30490269FFC3E00D370AE /* CoffeeUITests.xctest */;
			productType = "com.apple.product-type.bundle.ui-testing";
		};
/* End PBXNativeTarget section */

/* Begin PBXProject section */
		41F30467269FFC3D00D370AE /* Project object */ = {
			isa = PBXProject;
			attributes = {
				LastSwiftUpdateCheck = 1240;
				LastUpgradeCheck = 1240;
				TargetAttributes = {
					41F3046E269FFC3D00D370AE = {
						CreatedOnToolsVersion = 12.4;
					};
					41F30484269FFC3E00D370AE = {
						CreatedOnToolsVersion = 12.4;
						TestTargetID = 41F3046E269FFC3D00D370AE;
					};
					41F3048F269FFC3E00D370AE = {
						CreatedOnToolsVersion = 12.4;
						TestTargetID = 41F3046E269FFC3D00D370AE;
					};
				};
			};
			buildConfigurationList = 41F3046A269FFC3D00D370AE /* Build configuration list for PBXProject "Coffee" */;
			compatibilityVersion = "Xcode 9.3";
			developmentRegion = en;
			hasScannedForEncodings = 0;
			knownRegions = (
				en,
				Base,
			);
			mainGroup = 41F30466269FFC3D00D370AE;
			productRefGroup = 41F30470269FFC3D00D370AE /* Products */;
			projectDirPath = "";
			projectRoot = "";
			targets = (
				41F3046E269FFC3D00D370AE /* Coffee */,
				41F30484269FFC3E00D370AE /* CoffeeTests */,
				41F3048F269FFC3E00D370AE /* CoffeeUITests */,
			);
		};
/* End PBXProject section */

/* Begin PBXResourcesBuildPhase section */
		41F3046D269FFC3D00D370AE /* Resources */ = {
			isa = PBXResourcesBuildPhase;
			buildActionMask = 2147483647;
			files = (
				41F304AD26A0C5C900D370AE /* Signerica_Thin.ttf in Resources */,
				41F304AE26A0C5C900D370AE /* Signerica_Medium.ttf in Resources */,
				41F304AC26A0C5C900D370AE /* Signerica_Fat.ttf in Resources */,
				41F3047F269FFC3E00D370AE /* LaunchScreen.storyboard in Resources */,
				41F3047C269FFC3E00D370AE /* Assets.xcassets in Resources */,
				41F3047A269FFC3D00D370AE /* Main.storyboard in Resources */,
			);
			runOnlyForDeploymentPostprocessing = 0;
		};
		41F30483269FFC3E00D370AE /* Resources */ = {
			isa = PBXResourcesBuildPhase;
			buildActionMask = 2147483647;
			files = (
			);
			runOnlyForDeploymentPostprocessing = 0;
		};
		41F3048E269FFC3E00D370AE /* Resources */ = {
			isa = PBXResourcesBuildPhase;
			buildActionMask = 2147483647;
			files = (
			);
			runOnlyForDeploymentPostprocessing = 0;
		};
/* End PBXResourcesBuildPhase section */

/* Begin PBXShellScriptBuildPhase section */
		3A5DAA76F7F04A28EE6160BF /* [CP] Check Pods Manifest.lock */ = {
			isa = PBXShellScriptBuildPhase;
			buildActionMask = 2147483647;
			files = (
			);
			inputFileListPaths = (
			);
			inputPaths = (
				"${PODS_PODFILE_DIR_PATH}/Podfile.lock",
				"${PODS_ROOT}/Manifest.lock",
			);
			name = "[CP] Check Pods Manifest.lock";
			outputFileListPaths = (
			);
			outputPaths = (
				"$(DERIVED_FILE_DIR)/Pods-CoffeeTests-checkManifestLockResult.txt",
			);
			runOnlyForDeploymentPostprocessing = 0;
			shellPath = /bin/sh;
			shellScript = "diff \"${PODS_PODFILE_DIR_PATH}/Podfile.lock\" \"${PODS_ROOT}/Manifest.lock\" > /dev/null\nif [ $? != 0 ] ; then\n    # print error to STDERR\n    echo \"error: The sandbox is not in sync with the Podfile.lock. Run 'pod install' or update your CocoaPods installation.\" >&2\n    exit 1\nfi\n# This output is used by Xcode 'outputs' to avoid re-running this script phase.\necho \"SUCCESS\" > \"${SCRIPT_OUTPUT_FILE_0}\"\n";
			showEnvVarsInLog = 0;
		};
		7667DB9E47EFE233FDC9B8D6 /* [CP] Check Pods Manifest.lock */ = {
			isa = PBXShellScriptBuildPhase;
			buildActionMask = 2147483647;
			files = (
			);
			inputFileListPaths = (
			);
			inputPaths = (
				"${PODS_PODFILE_DIR_PATH}/Podfile.lock",
				"${PODS_ROOT}/Manifest.lock",
			);
			name = "[CP] Check Pods Manifest.lock";
			outputFileListPaths = (
			);
			outputPaths = (
				"$(DERIVED_FILE_DIR)/Pods-Coffee-CoffeeUITests-checkManifestLockResult.txt",
			);
			runOnlyForDeploymentPostprocessing = 0;
			shellPath = /bin/sh;
			shellScript = "diff \"${PODS_PODFILE_DIR_PATH}/Podfile.lock\" \"${PODS_ROOT}/Manifest.lock\" > /dev/null\nif [ $? != 0 ] ; then\n    # print error to STDERR\n    echo \"error: The sandbox is not in sync with the Podfile.lock. Run 'pod install' or update your CocoaPods installation.\" >&2\n    exit 1\nfi\n# This output is used by Xcode 'outputs' to avoid re-running this script phase.\necho \"SUCCESS\" > \"${SCRIPT_OUTPUT_FILE_0}\"\n";
			showEnvVarsInLog = 0;
		};
		78E2B8B6FDE31969BDA88D25 /* [CP] Copy Pods Resources */ = {
			isa = PBXShellScriptBuildPhase;
			buildActionMask = 2147483647;
			files = (
			);
			inputFileListPaths = (
				"${PODS_ROOT}/Target Support Files/Pods-Coffee/Pods-Coffee-resources-${CONFIGURATION}-input-files.xcfilelist",
			);
			name = "[CP] Copy Pods Resources";
			outputFileListPaths = (
				"${PODS_ROOT}/Target Support Files/Pods-Coffee/Pods-Coffee-resources-${CONFIGURATION}-output-files.xcfilelist",
			);
			runOnlyForDeploymentPostprocessing = 0;
			shellPath = /bin/sh;
			shellScript = "\"${PODS_ROOT}/Target Support Files/Pods-Coffee/Pods-Coffee-resources.sh\"\n";
			showEnvVarsInLog = 0;
		};
		B3383FD239C91B3239BB4F3B /* [CP] Copy Pods Resources */ = {
			isa = PBXShellScriptBuildPhase;
			buildActionMask = 2147483647;
			files = (
			);
			inputFileListPaths = (
				"${PODS_ROOT}/Target Support Files/Pods-Coffee-CoffeeUITests/Pods-Coffee-CoffeeUITests-resources-${CONFIGURATION}-input-files.xcfilelist",
			);
			name = "[CP] Copy Pods Resources";
			outputFileListPaths = (
				"${PODS_ROOT}/Target Support Files/Pods-Coffee-CoffeeUITests/Pods-Coffee-CoffeeUITests-resources-${CONFIGURATION}-output-files.xcfilelist",
			);
			runOnlyForDeploymentPostprocessing = 0;
			shellPath = /bin/sh;
			shellScript = "\"${PODS_ROOT}/Target Support Files/Pods-Coffee-CoffeeUITests/Pods-Coffee-CoffeeUITests-resources.sh\"\n";
			showEnvVarsInLog = 0;
		};
		DBE994E1ACA49E801D343C95 /* [CP] Check Pods Manifest.lock */ = {
			isa = PBXShellScriptBuildPhase;
			buildActionMask = 2147483647;
			files = (
			);
			inputFileListPaths = (
			);
			inputPaths = (
				"${PODS_PODFILE_DIR_PATH}/Podfile.lock",
				"${PODS_ROOT}/Manifest.lock",
			);
			name = "[CP] Check Pods Manifest.lock";
			outputFileListPaths = (
			);
			outputPaths = (
				"$(DERIVED_FILE_DIR)/Pods-Coffee-checkManifestLockResult.txt",
			);
			runOnlyForDeploymentPostprocessing = 0;
			shellPath = /bin/sh;
			shellScript = "diff \"${PODS_PODFILE_DIR_PATH}/Podfile.lock\" \"${PODS_ROOT}/Manifest.lock\" > /dev/null\nif [ $? != 0 ] ; then\n    # print error to STDERR\n    echo \"error: The sandbox is not in sync with the Podfile.lock. Run 'pod install' or update your CocoaPods installation.\" >&2\n    exit 1\nfi\n# This output is used by Xcode 'outputs' to avoid re-running this script phase.\necho \"SUCCESS\" > \"${SCRIPT_OUTPUT_FILE_0}\"\n";
			showEnvVarsInLog = 0;
		};
/* End PBXShellScriptBuildPhase section */

/* Begin PBXSourcesBuildPhase section */
		41F3046B269FFC3D00D370AE /* Sources */ = {
			isa = PBXSourcesBuildPhase;
			buildActionMask = 2147483647;
			files = (
				41F30477269FFC3D00D370AE /* ViewController.swift in Sources */,
				41F30473269FFC3D00D370AE /* AppDelegate.swift in Sources */,
				41F30475269FFC3D00D370AE /* SceneDelegate.swift in Sources */,
			);
			runOnlyForDeploymentPostprocessing = 0;
		};
		41F30481269FFC3E00D370AE /* Sources */ = {
			isa = PBXSourcesBuildPhase;
			buildActionMask = 2147483647;
			files = (
				41F3048A269FFC3E00D370AE /* CoffeeTests.swift in Sources */,
			);
			runOnlyForDeploymentPostprocessing = 0;
		};
		41F3048C269FFC3E00D370AE /* Sources */ = {
			isa = PBXSourcesBuildPhase;
			buildActionMask = 2147483647;
			files = (
				41F30495269FFC3E00D370AE /* CoffeeUITests.swift in Sources */,
			);
			runOnlyForDeploymentPostprocessing = 0;
		};
/* End PBXSourcesBuildPhase section */

/* Begin PBXTargetDependency section */
		41F30487269FFC3E00D370AE /* PBXTargetDependency */ = {
			isa = PBXTargetDependency;
			target = 41F3046E269FFC3D00D370AE /* Coffee */;
			targetProxy = 41F30486269FFC3E00D370AE /* PBXContainerItemProxy */;
		};
		41F30492269FFC3E00D370AE /* PBXTargetDependency */ = {
			isa = PBXTargetDependency;
			target = 41F3046E269FFC3D00D370AE /* Coffee */;
			targetProxy = 41F30491269FFC3E00D370AE /* PBXContainerItemProxy */;
		};
/* End PBXTargetDependency section */

/* Begin PBXVariantGroup section */
		41F30478269FFC3D00D370AE /* Main.storyboard */ = {
			isa = PBXVariantGroup;
			children = (
				41F30479269FFC3D00D370AE /* Base */,
			);
			name = Main.storyboard;
			sourceTree = "<group>";
		};
		41F3047D269FFC3E00D370AE /* LaunchScreen.storyboard */ = {
			isa = PBXVariantGroup;
			children = (
				41F3047E269FFC3E00D370AE /* Base */,
			);
			name = LaunchScreen.storyboard;
			sourceTree = "<group>";
		};
/* End PBXVariantGroup section */

/* Begin XCBuildConfiguration section */
		41F30497269FFC3E00D370AE /* Debug */ = {
			isa = XCBuildConfiguration;
			buildSettings = {
				ALWAYS_SEARCH_USER_PATHS = NO;
				CLANG_ANALYZER_NONNULL = YES;
				CLANG_ANALYZER_NUMBER_OBJECT_CONVERSION = YES_AGGRESSIVE;
				CLANG_CXX_LANGUAGE_STANDARD = "gnu++14";
				CLANG_CXX_LIBRARY = "libc++";
				CLANG_ENABLE_MODULES = YES;
				CLANG_ENABLE_OBJC_ARC = YES;
				CLANG_ENABLE_OBJC_WEAK = YES;
				CLANG_WARN_BLOCK_CAPTURE_AUTORELEASING = YES;
				CLANG_WARN_BOOL_CONVERSION = YES;
				CLANG_WARN_COMMA = YES;
				CLANG_WARN_CONSTANT_CONVERSION = YES;
				CLANG_WARN_DEPRECATED_OBJC_IMPLEMENTATIONS = YES;
				CLANG_WARN_DIRECT_OBJC_ISA_USAGE = YES_ERROR;
				CLANG_WARN_DOCUMENTATION_COMMENTS = YES;
				CLANG_WARN_EMPTY_BODY = YES;
				CLANG_WARN_ENUM_CONVERSION = YES;
				CLANG_WARN_INFINITE_RECURSION = YES;
				CLANG_WARN_INT_CONVERSION = YES;
				CLANG_WARN_NON_LITERAL_NULL_CONVERSION = YES;
				CLANG_WARN_OBJC_IMPLICIT_RETAIN_SELF = YES;
				CLANG_WARN_OBJC_LITERAL_CONVERSION = YES;
				CLANG_WARN_OBJC_ROOT_CLASS = YES_ERROR;
				CLANG_WARN_QUOTED_INCLUDE_IN_FRAMEWORK_HEADER = YES;
				CLANG_WARN_RANGE_LOOP_ANALYSIS = YES;
				CLANG_WARN_STRICT_PROTOTYPES = YES;
				CLANG_WARN_SUSPICIOUS_MOVE = YES;
				CLANG_WARN_UNGUARDED_AVAILABILITY = YES_AGGRESSIVE;
				CLANG_WARN_UNREACHABLE_CODE = YES;
				CLANG_WARN__DUPLICATE_METHOD_MATCH = YES;
				COPY_PHASE_STRIP = NO;
				DEBUG_INFORMATION_FORMAT = dwarf;
				ENABLE_STRICT_OBJC_MSGSEND = YES;
				ENABLE_TESTABILITY = YES;
				GCC_C_LANGUAGE_STANDARD = gnu11;
				GCC_DYNAMIC_NO_PIC = NO;
				GCC_NO_COMMON_BLOCKS = YES;
				GCC_OPTIMIZATION_LEVEL = 0;
				GCC_PREPROCESSOR_DEFINITIONS = (
					"DEBUG=1",
					"$(inherited)",
				);
				GCC_WARN_64_TO_32_BIT_CONVERSION = YES;
				GCC_WARN_ABOUT_RETURN_TYPE = YES_ERROR;
				GCC_WARN_UNDECLARED_SELECTOR = YES;
				GCC_WARN_UNINITIALIZED_AUTOS = YES_AGGRESSIVE;
				GCC_WARN_UNUSED_FUNCTION = YES;
				GCC_WARN_UNUSED_VARIABLE = YES;
				IPHONEOS_DEPLOYMENT_TARGET = 14.4;
				MTL_ENABLE_DEBUG_INFO = INCLUDE_SOURCE;
				MTL_FAST_MATH = YES;
				ONLY_ACTIVE_ARCH = YES;
				SDKROOT = iphoneos;
				SWIFT_ACTIVE_COMPILATION_CONDITIONS = DEBUG;
				SWIFT_OPTIMIZATION_LEVEL = "-Onone";
			};
			name = Debug;
		};
		41F30498269FFC3E00D370AE /* Release */ = {
			isa = XCBuildConfiguration;
			buildSettings = {
				ALWAYS_SEARCH_USER_PATHS = NO;
				CLANG_ANALYZER_NONNULL = YES;
				CLANG_ANALYZER_NUMBER_OBJECT_CONVERSION = YES_AGGRESSIVE;
				CLANG_CXX_LANGUAGE_STANDARD = "gnu++14";
				CLANG_CXX_LIBRARY = "libc++";
				CLANG_ENABLE_MODULES = YES;
				CLANG_ENABLE_OBJC_ARC = YES;
				CLANG_ENABLE_OBJC_WEAK = YES;
				CLANG_WARN_BLOCK_CAPTURE_AUTORELEASING = YES;
				CLANG_WARN_BOOL_CONVERSION = YES;
				CLANG_WARN_COMMA = YES;
				CLANG_WARN_CONSTANT_CONVERSION = YES;
				CLANG_WARN_DEPRECATED_OBJC_IMPLEMENTATIONS = YES;
				CLANG_WARN_DIRECT_OBJC_ISA_USAGE = YES_ERROR;
				CLANG_WARN_DOCUMENTATION_COMMENTS = YES;
				CLANG_WARN_EMPTY_BODY = YES;
				CLANG_WARN_ENUM_CONVERSION = YES;
				CLANG_WARN_INFINITE_RECURSION = YES;
				CLANG_WARN_INT_CONVERSION = YES;
				CLANG_WARN_NON_LITERAL_NULL_CONVERSION = YES;
				CLANG_WARN_OBJC_IMPLICIT_RETAIN_SELF = YES;
				CLANG_WARN_OBJC_LITERAL_CONVERSION = YES;
				CLANG_WARN_OBJC_ROOT_CLASS = YES_ERROR;
				CLANG_WARN_QUOTED_INCLUDE_IN_FRAMEWORK_HEADER = YES;
				CLANG_WARN_RANGE_LOOP_ANALYSIS = YES;
				CLANG_WARN_STRICT_PROTOTYPES = YES;
				CLANG_WARN_SUSPICIOUS_MOVE = YES;
				CLANG_WARN_UNGUARDED_AVAILABILITY = YES_AGGRESSIVE;
				CLANG_WARN_UNREACHABLE_CODE = YES;
				CLANG_WARN__DUPLICATE_METHOD_MATCH = YES;
				COPY_PHASE_STRIP = NO;
				DEBUG_INFORMATION_FORMAT = "dwarf-with-dsym";
				ENABLE_NS_ASSERTIONS = NO;
				ENABLE_STRICT_OBJC_MSGSEND = YES;
				GCC_C_LANGUAGE_STANDARD = gnu11;
				GCC_NO_COMMON_BLOCKS = YES;
				GCC_WARN_64_TO_32_BIT_CONVERSION = YES;
				GCC_WARN_ABOUT_RETURN_TYPE = YES_ERROR;
				GCC_WARN_UNDECLARED_SELECTOR = YES;
				GCC_WARN_UNINITIALIZED_AUTOS = YES_AGGRESSIVE;
				GCC_WARN_UNUSED_FUNCTION = YES;
				GCC_WARN_UNUSED_VARIABLE = YES;
				IPHONEOS_DEPLOYMENT_TARGET = 14.4;
				MTL_ENABLE_DEBUG_INFO = NO;
				MTL_FAST_MATH = YES;
				SDKROOT = iphoneos;
				SWIFT_COMPILATION_MODE = wholemodule;
				SWIFT_OPTIMIZATION_LEVEL = "-O";
				VALIDATE_PRODUCT = YES;
			};
			name = Release;
		};
		41F3049A269FFC3E00D370AE /* Debug */ = {
			isa = XCBuildConfiguration;
			baseConfigurationReference = 0892C95F92760ACE733189DD /* Pods-Coffee.debug.xcconfig */;
			buildSettings = {
				ARCHS = "$(ARCHS_STANDARD)";
				ASSETCATALOG_COMPILER_APPICON_NAME = AppIcon;
				ASSETCATALOG_COMPILER_GLOBAL_ACCENT_COLOR_NAME = AccentColor;
				CODE_SIGN_STYLE = Automatic;
				DEVELOPMENT_TEAM = GXN93E6VNZ;
				EXCLUDED_ARCHS = arm64;
				INFOPLIST_FILE = Coffee/Info.plist;
				LD_RUNPATH_SEARCH_PATHS = (
					"$(inherited)",
					"@executable_path/Frameworks",
				);
				PRODUCT_BUNDLE_IDENTIFIER = com.saumyalahera.Coffee.Coffee;
				PRODUCT_NAME = "$(TARGET_NAME)";
				SWIFT_VERSION = 5.0;
				TARGETED_DEVICE_FAMILY = "1,2";
			};
			name = Debug;
		};
		41F3049B269FFC3E00D370AE /* Release */ = {
			isa = XCBuildConfiguration;
			baseConfigurationReference = 1D3FFEB0FF518955043131DF /* Pods-Coffee.release.xcconfig */;
			buildSettings = {
				ARCHS = "$(ARCHS_STANDARD)";
				ASSETCATALOG_COMPILER_APPICON_NAME = AppIcon;
				ASSETCATALOG_COMPILER_GLOBAL_ACCENT_COLOR_NAME = AccentColor;
				CODE_SIGN_STYLE = Automatic;
				DEVELOPMENT_TEAM = GXN93E6VNZ;
				EXCLUDED_ARCHS = arm64;
				INFOPLIST_FILE = Coffee/Info.plist;
				LD_RUNPATH_SEARCH_PATHS = (
					"$(inherited)",
					"@executable_path/Frameworks",
				);
				PRODUCT_BUNDLE_IDENTIFIER = com.saumyalahera.Coffee.Coffee;
				PRODUCT_NAME = "$(TARGET_NAME)";
				SWIFT_VERSION = 5.0;
				TARGETED_DEVICE_FAMILY = "1,2";
			};
			name = Release;
		};
		41F3049D269FFC3E00D370AE /* Debug */ = {
			isa = XCBuildConfiguration;
			baseConfigurationReference = 6BE88C9F089C59AF94985968 /* Pods-CoffeeTests.debug.xcconfig */;
			buildSettings = {
				ALWAYS_EMBED_SWIFT_STANDARD_LIBRARIES = YES;
				BUNDLE_LOADER = "$(TEST_HOST)";
				CODE_SIGN_STYLE = Automatic;
				DEVELOPMENT_TEAM = GXN93E6VNZ;
				INFOPLIST_FILE = CoffeeTests/Info.plist;
				IPHONEOS_DEPLOYMENT_TARGET = 14.4;
				LD_RUNPATH_SEARCH_PATHS = (
					"$(inherited)",
					"@executable_path/Frameworks",
					"@loader_path/Frameworks",
				);
				PRODUCT_BUNDLE_IDENTIFIER = com.saumyalahera.Coffee.CoffeeTests;
				PRODUCT_NAME = "$(TARGET_NAME)";
				SWIFT_VERSION = 5.0;
				TARGETED_DEVICE_FAMILY = "1,2";
				TEST_HOST = "$(BUILT_PRODUCTS_DIR)/Coffee.app/Coffee";
			};
			name = Debug;
		};
		41F3049E269FFC3E00D370AE /* Release */ = {
			isa = XCBuildConfiguration;
			baseConfigurationReference = 91AE05D578C2886D92A80B3D /* Pods-CoffeeTests.release.xcconfig */;
			buildSettings = {
				ALWAYS_EMBED_SWIFT_STANDARD_LIBRARIES = YES;
				BUNDLE_LOADER = "$(TEST_HOST)";
				CODE_SIGN_STYLE = Automatic;
				DEVELOPMENT_TEAM = GXN93E6VNZ;
				INFOPLIST_FILE = CoffeeTests/Info.plist;
				IPHONEOS_DEPLOYMENT_TARGET = 14.4;
				LD_RUNPATH_SEARCH_PATHS = (
					"$(inherited)",
					"@executable_path/Frameworks",
					"@loader_path/Frameworks",
				);
				PRODUCT_BUNDLE_IDENTIFIER = com.saumyalahera.Coffee.CoffeeTests;
				PRODUCT_NAME = "$(TARGET_NAME)";
				SWIFT_VERSION = 5.0;
				TARGETED_DEVICE_FAMILY = "1,2";
				TEST_HOST = "$(BUILT_PRODUCTS_DIR)/Coffee.app/Coffee";
			};
			name = Release;
		};
		41F304A0269FFC3E00D370AE /* Debug */ = {
			isa = XCBuildConfiguration;
			baseConfigurationReference = 45EC068F6FF1E51625C05170 /* Pods-Coffee-CoffeeUITests.debug.xcconfig */;
			buildSettings = {
				ALWAYS_EMBED_SWIFT_STANDARD_LIBRARIES = YES;
				CODE_SIGN_STYLE = Automatic;
				DEVELOPMENT_TEAM = GXN93E6VNZ;
				INFOPLIST_FILE = CoffeeUITests/Info.plist;
				LD_RUNPATH_SEARCH_PATHS = (
					"$(inherited)",
					"@executable_path/Frameworks",
					"@loader_path/Frameworks",
				);
				PRODUCT_BUNDLE_IDENTIFIER = com.saumyalahera.Coffee.CoffeeUITests;
				PRODUCT_NAME = "$(TARGET_NAME)";
				SWIFT_VERSION = 5.0;
				TARGETED_DEVICE_FAMILY = "1,2";
				TEST_TARGET_NAME = Coffee;
			};
			name = Debug;
		};
		41F304A1269FFC3E00D370AE /* Release */ = {
			isa = XCBuildConfiguration;
			baseConfigurationReference = 471F30CEBCECBA285FE1306E /* Pods-Coffee-CoffeeUITests.release.xcconfig */;
			buildSettings = {
				ALWAYS_EMBED_SWIFT_STANDARD_LIBRARIES = YES;
				CODE_SIGN_STYLE = Automatic;
				DEVELOPMENT_TEAM = GXN93E6VNZ;
				INFOPLIST_FILE = CoffeeUITests/Info.plist;
				LD_RUNPATH_SEARCH_PATHS = (
					"$(inherited)",
					"@executable_path/Frameworks",
					"@loader_path/Frameworks",
				);
				PRODUCT_BUNDLE_IDENTIFIER = com.saumyalahera.Coffee.CoffeeUITests;
				PRODUCT_NAME = "$(TARGET_NAME)";
				SWIFT_VERSION = 5.0;
				TARGETED_DEVICE_FAMILY = "1,2";
				TEST_TARGET_NAME = Coffee;
			};
			name = Release;
		};
/* End XCBuildConfiguration section */

/* Begin XCConfigurationList section */
		41F3046A269FFC3D00D370AE /* Build configuration list for PBXProject "Coffee" */ = {
			isa = XCConfigurationList;
			buildConfigurations = (
				41F30497269FFC3E00D370AE /* Debug */,
				41F30498269FFC3E00D370AE /* Release */,
			);
			defaultConfigurationIsVisible = 0;
			defaultConfigurationName = Release;
		};
		41F30499269FFC3E00D370AE /* Build configuration list for PBXNativeTarget "Coffee" */ = {
			isa = XCConfigurationList;
			buildConfigurations = (
				41F3049A269FFC3E00D370AE /* Debug */,
				41F3049B269FFC3E00D370AE /* Release */,
			);
			defaultConfigurationIsVisible = 0;
			defaultConfigurationName = Release;
		};
		41F3049C269FFC3E00D370AE /* Build configuration list for PBXNativeTarget "CoffeeTests" */ = {
			isa = XCConfigurationList;
			buildConfigurations = (
				41F3049D269FFC3E00D370AE /* Debug */,
				41F3049E269FFC3E00D370AE /* Release */,
			);
			defaultConfigurationIsVisible = 0;
			defaultConfigurationName = Release;
		};
		41F3049F269FFC3E00D370AE /* Build configuration list for PBXNativeTarget "CoffeeUITests" */ = {
			isa = XCConfigurationList;
			buildConfigurations = (
				41F304A0269FFC3E00D370AE /* Debug */,
				41F304A1269FFC3E00D370AE /* Release */,
			);
			defaultConfigurationIsVisible = 0;
			defaultConfigurationName = Release;
		};
/* End XCConfigurationList section */
	};
	rootObject = 41F30467269FFC3D00D370AE /* Project object */;
}
